
Microsoft Visual Studio Solution File, Format Version 12.00
# Visual Studio Version 17
VisualStudioVersion = 17.0.31919.166
MinimumVisualStudioVersion = 10.0.40219.1
Project("{2150E333-8FDC-42A3-9474-1A3956D46DE8}") = "src", "src", "{8873217D-36A8-4A83-A697-8C5BE59686C6}"
EndProject
Project("{2150E333-8FDC-42A3-9474-1A3956D46DE8}") = "tests", "tests", "{8997019C-EFE7-4F09-8857-0E19ABB31CB2}"
EndProject
Project("{2150E333-8FDC-42A3-9474-1A3956D46DE8}") = "Core", "Core", "{E5EB7780-1B25-4606-95FE-33AF9410E15D}"
EndProject
Project("{FAE04EC0-301F-11D3-BF4B-00C04F79EFBC}") = "ElectroCom.IntelligentInventory.ItemBooking.Core", "src\ElectroCom.IntelligentInventory.ItemBooking.Core\ElectroCom.IntelligentInventory.ItemBooking.Core.csproj", "{9679A09A-3D97-4973-A1E9-BAF912B13646}"
EndProject
Global
	GlobalSection(SolutionConfigurationPlatforms) = preSolution
		Debug|Any CPU = Debug|Any CPU
		Release|Any CPU = Release|Any CPU
	EndGlobalSection
	GlobalSection(ProjectConfigurationPlatforms) = postSolution
		{9679A09A-3D97-4973-A1E9-BAF912B13646}.Debug|Any CPU.ActiveCfg = Debug|Any CPU
		{9679A09A-3D97-4973-A1E9-BAF912B13646}.Debug|Any CPU.Build.0 = Debug|Any CPU
		{9679A09A-3D97-4973-A1E9-BAF912B13646}.Release|Any CPU.ActiveCfg = Release|Any CPU
		{9679A09A-3D97-4973-A1E9-BAF912B13646}.Release|Any CPU.Build.0 = Release|Any CPU
	EndGlobalSection
	GlobalSection(SolutionProperties) = preSolution
		HideSolutionNode = FALSE
	EndGlobalSection
	GlobalSection(NestedProjects) = preSolution
		{E5EB7780-1B25-4606-95FE-33AF9410E15D} = {8873217D-36A8-4A83-A697-8C5BE59686C6}
		{9679A09A-3D97-4973-A1E9-BAF912B13646} = {E5EB7780-1B25-4606-95FE-33AF9410E15D}
	EndGlobalSection
	GlobalSection(ExtensibilityGlobals) = postSolution
		SolutionGuid = {A84864F6-E2A0-46AD-B07F-2CF9ECAFC94D}
	EndGlobalSection
EndGlobal
