
Microsoft Visual Studio Solution File, Format Version 12.00
# Visual Studio Version 17
VisualStudioVersion = 17.0.31919.166
MinimumVisualStudioVersion = 10.0.40219.1
Project("{FAE04EC0-301F-11D3-BF4B-00C04F79EFBC}") = "ElectroCom.IntelligentInventory.SharedKernel", "src\ElectroCom.IntelligentInventory.SharedKernel\ElectroCom.IntelligentInventory.SharedKernel.csproj", "{BB10CF9F-2995-460D-B911-173B36B6B4E2}"
EndProject
Global
	GlobalSection(SolutionConfigurationPlatforms) = preSolution
		Debug|Any CPU = Debug|Any CPU
		Release|Any CPU = Release|Any CPU
	EndGlobalSection
	GlobalSection(ProjectConfigurationPlatforms) = postSolution
		{BB10CF9F-2995-460D-B911-173B36B6B4E2}.Debug|Any CPU.ActiveCfg = Debug|Any CPU
		{BB10CF9F-2995-460D-B911-173B36B6B4E2}.Debug|Any CPU.Build.0 = Debug|Any CPU
		{BB10CF9F-2995-460D-B911-173B36B6B4E2}.Release|Any CPU.ActiveCfg = Release|Any CPU
		{BB10CF9F-2995-460D-B911-173B36B6B4E2}.Release|Any CPU.Build.0 = Release|Any CPU
	EndGlobalSection
	GlobalSection(SolutionProperties) = preSolution
		HideSolutionNode = FALSE
	EndGlobalSection
	GlobalSection(ExtensibilityGlobals) = postSolution
		SolutionGuid = {12DE6EAC-B28A-4D81-B116-7915F512D3B4}
	EndGlobalSection
EndGlobal
